// !$*UTF8*$!
{
	archiveVersion = 1;
	classes = {
	};
	objectVersion = 46;
	objects = {

/* Begin PBXBuildFile section */
		41F1C4B21A5B318A00D643AA /* AppDelegate.swift in Sources */ = {isa = PBXBuildFile; fileRef = 41F1C4B11A5B318A00D643AA /* AppDelegate.swift */; };
		41F1C4B41A5B318A00D643AA /* ViewController.swift in Sources */ = {isa = PBXBuildFile; fileRef = 41F1C4B31A5B318A00D643AA /* ViewController.swift */; };
		41F1C4B71A5B318A00D643AA /* Main.storyboard in Resources */ = {isa = PBXBuildFile; fileRef = 41F1C4B51A5B318A00D643AA /* Main.storyboard */; };
		41F1C4B91A5B318A00D643AA /* Images.xcassets in Resources */ = {isa = PBXBuildFile; fileRef = 41F1C4B81A5B318A00D643AA /* Images.xcassets */; };
		41F1C4BC1A5B318A00D643AA /* LaunchScreen.xib in Resources */ = {isa = PBXBuildFile; fileRef = 41F1C4BA1A5B318A00D643AA /* LaunchScreen.xib */; };
		41F1C4C81A5B318A00D643AA /* CashFlowAppTests.swift in Sources */ = {isa = PBXBuildFile; fileRef = 41F1C4C71A5B318A00D643AA /* CashFlowAppTests.swift */; };
/* End PBXBuildFile section */

/* Begin PBXContainerItemProxy section */
		41F1C4C21A5B318A00D643AA /* PBXContainerItemProxy */ = {
			isa = PBXContainerItemProxy;
			containerPortal = 41F1C4A41A5B318A00D643AA /* Project object */;
			proxyType = 1;
			remoteGlobalIDString = 41F1C4AB1A5B318A00D643AA;
			remoteInfo = CashFlowApp;
		};
/* End PBXContainerItemProxy section */

/* Begin PBXFileReference section */
		41F1C4AC1A5B318A00D643AA /* CashFlowApp.app */ = {isa = PBXFileReference; explicitFileType = wrapper.application; includeInIndex = 0; path = CashFlowApp.app; sourceTree = BUILT_PRODUCTS_DIR; };
		41F1C4B01A5B318A00D643AA /* Info.plist */ = {isa = PBXFileReference; lastKnownFileType = text.plist.xml; path = Info.plist; sourceTree = "<group>"; };
		41F1C4B11A5B318A00D643AA /* AppDelegate.swift */ = {isa = PBXFileReference; lastKnownFileType = sourcecode.swift; path = AppDelegate.swift; sourceTree = "<group>"; };
		41F1C4B31A5B318A00D643AA /* ViewController.swift */ = {isa = PBXFileReference; lastKnownFileType = sourcecode.swift; path = ViewController.swift; sourceTree = "<group>"; };
		41F1C4B61A5B318A00D643AA /* Base */ = {isa = PBXFileReference; lastKnownFileType = file.storyboard; name = Base; path = Base.lproj/Main.storyboard; sourceTree = "<group>"; };
		41F1C4B81A5B318A00D643AA /* Images.xcassets */ = {isa = PBXFileReference; lastKnownFileType = folder.assetcatalog; path = Images.xcassets; sourceTree = "<group>"; };
		41F1C4BB1A5B318A00D643AA /* Base */ = {isa = PBXFileReference; lastKnownFileType = file.xib; name = Base; path = Base.lproj/LaunchScreen.xib; sourceTree = "<group>"; };
		41F1C4C11A5B318A00D643AA /* CashFlowAppTests.xctest */ = {isa = PBXFileReference; explicitFileType = wrapper.cfbundle; includeInIndex = 0; path = CashFlowAppTests.xctest; sourceTree = BUILT_PRODUCTS_DIR; };
		41F1C4C61A5B318A00D643AA /* Info.plist */ = {isa = PBXFileReference; lastKnownFileType = text.plist.xml; path = Info.plist; sourceTree = "<group>"; };
		41F1C4C71A5B318A00D643AA /* CashFlowAppTests.swift */ = {isa = PBXFileReference; lastKnownFileType = sourcecode.swift; path = CashFlowAppTests.swift; sourceTree = "<group>"; };
/* End PBXFileReference section */

/* Begin PBXFrameworksBuildPhase section */
		41F1C4A91A5B318A00D643AA /* Frameworks */ = {
			isa = PBXFrameworksBuildPhase;
			buildActionMask = 2147483647;
			files = (
			);
			runOnlyForDeploymentPostprocessing = 0;
		};
		41F1C4BE1A5B318A00D643AA /* Frameworks */ = {
			isa = PBXFrameworksBuildPhase;
			buildActionMask = 2147483647;
			files = (
			);
			runOnlyForDeploymentPostprocessing = 0;
		};
/* End PBXFrameworksBuildPhase section */

/* Begin PBXGroup section */
		41F1C4A31A5B318A00D643AA = {
			isa = PBXGroup;
			children = (
				41F1C4AE1A5B318A00D643AA /* CashFlowApp */,
				41F1C4C41A5B318A00D643AA /* CashFlowAppTests */,
				41F1C4AD1A5B318A00D643AA /* Products */,
			);
			sourceTree = "<group>";
		};
		41F1C4AD1A5B318A00D643AA /* Products */ = {
			isa = PBXGroup;
			children = (
				41F1C4AC1A5B318A00D643AA /* CashFlowApp.app */,
				41F1C4C11A5B318A00D643AA /* CashFlowAppTests.xctest */,
			);
			name = Products;
			sourceTree = "<group>";
		};
		41F1C4AE1A5B318A00D643AA /* CashFlowApp */ = {
			isa = PBXGroup;
			children = (
				41F1C4B11A5B318A00D643AA /* AppDelegate.swift */,
				41F1C4B31A5B318A00D643AA /* ViewController.swift */,
				41F1C4B51A5B318A00D643AA /* Main.storyboard */,
				41F1C4B81A5B318A00D643AA /* Images.xcassets */,
				41F1C4BA1A5B318A00D643AA /* LaunchScreen.xib */,
				41F1C4AF1A5B318A00D643AA /* Supporting Files */,
			);
			path = CashFlowApp;
			sourceTree = "<group>";
		};
		41F1C4AF1A5B318A00D643AA /* Supporting Files */ = {
			isa = PBXGroup;
			children = (
				41F1C4B01A5B318A00D643AA /* Info.plist */,
			);
			name = "Supporting Files";
			sourceTree = "<group>";
		};
		41F1C4C41A5B318A00D643AA /* CashFlowAppTests */ = {
			isa = PBXGroup;
			children = (
				41F1C4C71A5B318A00D643AA /* CashFlowAppTests.swift */,
				41F1C4C51A5B318A00D643AA /* Supporting Files */,
			);
			path = CashFlowAppTests;
			sourceTree = "<group>";
		};
		41F1C4C51A5B318A00D643AA /* Supporting Files */ = {
			isa = PBXGroup;
			children = (
				41F1C4C61A5B318A00D643AA /* Info.plist */,
			);
			name = "Supporting Files";
			sourceTree = "<group>";
		};
/* End PBXGroup section */

/* Begin PBXNativeTarget section */
		41F1C4AB1A5B318A00D643AA /* CashFlowApp */ = {
			isa = PBXNativeTarget;
			buildConfigurationList = 41F1C4CB1A5B318A00D643AA /* Build configuration list for PBXNativeTarget "CashFlowApp" */;
			buildPhases = (
				41F1C4A81A5B318A00D643AA /* Sources */,
				41F1C4A91A5B318A00D643AA /* Frameworks */,
				41F1C4AA1A5B318A00D643AA /* Resources */,
			);
			buildRules = (
			);
			dependencies = (
			);
			name = CashFlowApp;
			productName = CashFlowApp;
			productReference = 41F1C4AC1A5B318A00D643AA /* CashFlowApp.app */;
			productType = "com.apple.product-type.application";
		};
		41F1C4C01A5B318A00D643AA /* CashFlowAppTests */ = {
			isa = PBXNativeTarget;
			buildConfigurationList = 41F1C4CE1A5B318A00D643AA /* Build configuration list for PBXNativeTarget "CashFlowAppTests" */;
			buildPhases = (
				41F1C4BD1A5B318A00D643AA /* Sources */,
				41F1C4BE1A5B318A00D643AA /* Frameworks */,
				41F1C4BF1A5B318A00D643AA /* Resources */,
			);
			buildRules = (
			);
			dependencies = (
				41F1C4C31A5B318A00D643AA /* PBXTargetDependency */,
			);
			name = CashFlowAppTests;
			productName = CashFlowAppTests;
			productReference = 41F1C4C11A5B318A00D643AA /* CashFlowAppTests.xctest */;
			productType = "com.apple.product-type.bundle.unit-test";
		};
/* End PBXNativeTarget section */

/* Begin PBXProject section */
		41F1C4A41A5B318A00D643AA /* Project object */ = {
			isa = PBXProject;
			attributes = {
				LastUpgradeCheck = 0610;
				ORGANIZATIONNAME = "Zach Moore";
				TargetAttributes = {
					41F1C4AB1A5B318A00D643AA = {
						CreatedOnToolsVersion = 6.1.1;
					};
					41F1C4C01A5B318A00D643AA = {
						CreatedOnToolsVersion = 6.1.1;
						TestTargetID = 41F1C4AB1A5B318A00D643AA;
					};
				};
			};
			buildConfigurationList = 41F1C4A71A5B318A00D643AA /* Build configuration list for PBXProject "CashFlowApp" */;
			compatibilityVersion = "Xcode 3.2";
			developmentRegion = English;
			hasScannedForEncodings = 0;
			knownRegions = (
				en,
				Base,
			);
			mainGroup = 41F1C4A31A5B318A00D643AA;
			productRefGroup = 41F1C4AD1A5B318A00D643AA /* Products */;
			projectDirPath = "";
			projectRoot = "";
			targets = (
				41F1C4AB1A5B318A00D643AA /* CashFlowApp */,
				41F1C4C01A5B318A00D643AA /* CashFlowAppTests */,
			);
		};
/* End PBXProject section */

/* Begin PBXResourcesBuildPhase section */
		41F1C4AA1A5B318A00D643AA /* Resources */ = {
			isa = PBXResourcesBuildPhase;
			buildActionMask = 2147483647;
			files = (
				41F1C4B71A5B318A00D643AA /* Main.storyboard in Resources */,
				41F1C4BC1A5B318A00D643AA /* LaunchScreen.xib in Resources */,
				41F1C4B91A5B318A00D643AA /* Images.xcassets in Resources */,
			);
			runOnlyForDeploymentPostprocessing = 0;
		};
		41F1C4BF1A5B318A00D643AA /* Resources */ = {
			isa = PBXResourcesBuildPhase;
			buildActionMask = 2147483647;
			files = (
			);
			runOnlyForDeploymentPostprocessing = 0;
		};
/* End PBXResourcesBuildPhase section */

/* Begin PBXSourcesBuildPhase section */
		41F1C4A81A5B318A00D643AA /* Sources */ = {
			isa = PBXSourcesBuildPhase;
			buildActionMask = 2147483647;
			files = (
				41F1C4B41A5B318A00D643AA /* ViewController.swift in Sources */,
				41F1C4B21A5B318A00D643AA /* AppDelegate.swift in Sources */,
			);
			runOnlyForDeploymentPostprocessing = 0;
		};
		41F1C4BD1A5B318A00D643AA /* Sources */ = {
			isa = PBXSourcesBuildPhase;
			buildActionMask = 2147483647;
			files = (
				41F1C4C81A5B318A00D643AA /* CashFlowAppTests.swift in Sources */,
			);
			runOnlyForDeploymentPostprocessing = 0;
		};
/* End PBXSourcesBuildPhase section */

/* Begin PBXTargetDependency section */
		41F1C4C31A5B318A00D643AA /* PBXTargetDependency */ = {
			isa = PBXTargetDependency;
			target = 41F1C4AB1A5B318A00D643AA /* CashFlowApp */;
			targetProxy = 41F1C4C21A5B318A00D643AA /* PBXContainerItemProxy */;
		};
/* End PBXTargetDependency section */

/* Begin PBXVariantGroup section */
		41F1C4B51A5B318A00D643AA /* Main.storyboard */ = {
			isa = PBXVariantGroup;
			children = (
				41F1C4B61A5B318A00D643AA /* Base */,
			);
			name = Main.storyboard;
			sourceTree = "<group>";
		};
		41F1C4BA1A5B318A00D643AA /* LaunchScreen.xib */ = {
			isa = PBXVariantGroup;
			children = (
				41F1C4BB1A5B318A00D643AA /* Base */,
			);
			name = LaunchScreen.xib;
			sourceTree = "<group>";
		};
/* End PBXVariantGroup section */

/* Begin XCBuildConfiguration section */
		41F1C4C91A5B318A00D643AA /* Debug */ = {
			isa = XCBuildConfiguration;
			buildSettings = {
				ALWAYS_SEARCH_USER_PATHS = NO;
				CLANG_CXX_LANGUAGE_STANDARD = "gnu++0x";
				CLANG_CXX_LIBRARY = "libc++";
				CLANG_ENABLE_MODULES = YES;
				CLANG_ENABLE_OBJC_ARC = YES;
				CLANG_WARN_BOOL_CONVERSION = YES;
				CLANG_WARN_CONSTANT_CONVERSION = YES;
				CLANG_WARN_DIRECT_OBJC_ISA_USAGE = YES_ERROR;
				CLANG_WARN_EMPTY_BODY = YES;
				CLANG_WARN_ENUM_CONVERSION = YES;
				CLANG_WARN_INT_CONVERSION = YES;
				CLANG_WARN_OBJC_ROOT_CLASS = YES_ERROR;
				CLANG_WARN_UNREACHABLE_CODE = YES;
				CLANG_WARN__DUPLICATE_METHOD_MATCH = YES;
				"CODE_SIGN_IDENTITY[sdk=iphoneos*]" = "iPhone Developer";
				COPY_PHASE_STRIP = NO;
				ENABLE_STRICT_OBJC_MSGSEND = YES;
				GCC_C_LANGUAGE_STANDARD = gnu99;
				GCC_DYNAMIC_NO_PIC = NO;
				GCC_OPTIMIZATION_LEVEL = 0;
				GCC_PREPROCESSOR_DEFINITIONS = (
					"DEBUG=1",
					"$(inherited)",
				);
				GCC_SYMBOLS_PRIVATE_EXTERN = NO;
				GCC_WARN_64_TO_32_BIT_CONVERSION = YES;
				GCC_WARN_ABOUT_RETURN_TYPE = YES_ERROR;
				GCC_WARN_UNDECLARED_SELECTOR = YES;
				GCC_WARN_UNINITIALIZED_AUTOS = YES_AGGRESSIVE;
				GCC_WARN_UNUSED_FUNCTION = YES;
				GCC_WARN_UNUSED_VARIABLE = YES;
				IPHONEOS_DEPLOYMENT_TARGET = 8.1;
				MTL_ENABLE_DEBUG_INFO = YES;
				ONLY_ACTIVE_ARCH = YES;
				SDKROOT = iphoneos;
				SWIFT_OPTIMIZATION_LEVEL = "-Onone";
			};
			name = Debug;
		};
		41F1C4CA1A5B318A00D643AA /* Release */ = {
			isa = XCBuildConfiguration;
			buildSettings = {
				ALWAYS_SEARCH_USER_PATHS = NO;
				CLANG_CXX_LANGUAGE_STANDARD = "gnu++0x";
				CLANG_CXX_LIBRARY = "libc++";
				CLANG_ENABLE_MODULES = YES;
				CLANG_ENABLE_OBJC_ARC = YES;
				CLANG_WARN_BOOL_CONVERSION = YES;
				CLANG_WARN_CONSTANT_CONVERSION = YES;
				CLANG_WARN_DIRECT_OBJC_ISA_USAGE = YES_ERROR;
				CLANG_WARN_EMPTY_BODY = YES;
				CLANG_WARN_ENUM_CONVERSION = YES;
				CLANG_WARN_INT_CONVERSION = YES;
				CLANG_WARN_OBJC_ROOT_CLASS = YES_ERROR;
				CLANG_WARN_UNREACHABLE_CODE = YES;
				CLANG_WARN__DUPLICATE_METHOD_MATCH = YES;
				"CODE_SIGN_IDENTITY[sdk=iphoneos*]" = "iPhone Developer";
				COPY_PHASE_STRIP = YES;
				ENABLE_NS_ASSERTIONS = NO;
				ENABLE_STRICT_OBJC_MSGSEND = YES;
				GCC_C_LANGUAGE_STANDARD = gnu99;
				GCC_WARN_64_TO_32_BIT_CONVERSION = YES;
				GCC_WARN_ABOUT_RETURN_TYPE = YES_ERROR;
				GCC_WARN_UNDECLARED_SELECTOR = YES;
				GCC_WARN_UNINITIALIZED_AUTOS = YES_AGGRESSIVE;
				GCC_WARN_UNUSED_FUNCTION = YES;
				GCC_WARN_UNUSED_VARIABLE = YES;
				IPHONEOS_DEPLOYMENT_TARGET = 8.1;
				MTL_ENABLE_DEBUG_INFO = NO;
				SDKROOT = iphoneos;
				VALIDATE_PRODUCT = YES;
			};
			name = Release;
		};
		41F1C4CC1A5B318A00D643AA /* Debug */ = {
			isa = XCBuildConfiguration;
			buildSettings = {
				ASSETCATALOG_COMPILER_APPICON_NAME = AppIcon;
				INFOPLIST_FILE = CashFlowApp/Info.plist;
				LD_RUNPATH_SEARCH_PATHS = "$(inherited) @executable_path/Frameworks";
				PRODUCT_NAME = "$(TARGET_NAME)";
			};
			name = Debug;
		};
		41F1C4CD1A5B318A00D643AA /* Release */ = {
			isa = XCBuildConfiguration;
			buildSettings = {
				ASSETCATALOG_COMPILER_APPICON_NAME = AppIcon;
				INFOPLIST_FILE = CashFlowApp/Info.plist;
				LD_RUNPATH_SEARCH_PATHS = "$(inherited) @executable_path/Frameworks";
				PRODUCT_NAME = "$(TARGET_NAME)";
			};
			name = Release;
		};
		41F1C4CF1A5B318A00D643AA /* Debug */ = {
			isa = XCBuildConfiguration;
			buildSettings = {
				BUNDLE_LOADER = "$(TEST_HOST)";
				FRAMEWORK_SEARCH_PATHS = (
					"$(SDKROOT)/Developer/Library/Frameworks",
					"$(inherited)",
				);
				GCC_PREPROCESSOR_DEFINITIONS = (
					"DEBUG=1",
					"$(inherited)",
				);
				INFOPLIST_FILE = CashFlowAppTests/Info.plist;
				LD_RUNPATH_SEARCH_PATHS = "$(inherited) @executable_path/Frameworks @loader_path/Frameworks";
				PRODUCT_NAME = "$(TARGET_NAME)";
				TEST_HOST = "$(BUILT_PRODUCTS_DIR)/CashFlowApp.app/CashFlowApp";
			};
			name = Debug;
		};
		41F1C4D01A5B318A00D643AA /* Release */ = {
			isa = XCBuildConfiguration;
			buildSettings = {
				BUNDLE_LOADER = "$(TEST_HOST)";
				FRAMEWORK_SEARCH_PATHS = (
					"$(SDKROOT)/Developer/Library/Frameworks",
					"$(inherited)",
				);
				INFOPLIST_FILE = CashFlowAppTests/Info.plist;
				LD_RUNPATH_SEARCH_PATHS = "$(inherited) @executable_path/Frameworks @loader_path/Frameworks";
				PRODUCT_NAME = "$(TARGET_NAME)";
				TEST_HOST = "$(BUILT_PRODUCTS_DIR)/CashFlowApp.app/CashFlowApp";
			};
			name = Release;
		};
/* End XCBuildConfiguration section */

/* Begin XCConfigurationList section */
		41F1C4A71A5B318A00D643AA /* Build configuration list for PBXProject "CashFlowApp" */ = {
			isa = XCConfigurationList;
			buildConfigurations = (
				41F1C4C91A5B318A00D643AA /* Debug */,
				41F1C4CA1A5B318A00D643AA /* Release */,
			);
			defaultConfigurationIsVisible = 0;
			defaultConfigurationName = Release;
		};
		41F1C4CB1A5B318A00D643AA /* Build configuration list for PBXNativeTarget "CashFlowApp" */ = {
			isa = XCConfigurationList;
			buildConfigurations = (
				41F1C4CC1A5B318A00D643AA /* Debug */,
				41F1C4CD1A5B318A00D643AA /* Release */,
			);
			defaultConfigurationIsVisible = 0;
		};
		41F1C4CE1A5B318A00D643AA /* Build configuration list for PBXNativeTarget "CashFlowAppTests" */ = {
			isa = XCConfigurationList;
			buildConfigurations = (
				41F1C4CF1A5B318A00D643AA /* Debug */,
				41F1C4D01A5B318A00D643AA /* Release */,
			);
			defaultConfigurationIsVisible = 0;
		};
/* End XCConfigurationList section */
	};
	rootObject = 41F1C4A41A5B318A00D643AA /* Project object */;
}
